
Microsoft Visual Studio Solution File, Format Version 12.00
# Visual Studio Version 17
VisualStudioVersion = 17.11.35312.102
MinimumVisualStudioVersion = 10.0.40219.1
Project("{FAE04EC0-301F-11D3-BF4B-00C04F79EFBC}") = "WebBanHang", "WebBanHang\WebBanHang.csproj", "{62EF77B4-1665-4892-88E6-987B3916B1AD}"
EndProject
Global
	GlobalSection(SolutionConfigurationPlatforms) = preSolution
		Debug|Any CPU = Debug|Any CPU
		Release|Any CPU = Release|Any CPU
	EndGlobalSection
	GlobalSection(ProjectConfigurationPlatforms) = postSolution
		{62EF77B4-1665-4892-88E6-987B3916B1AD}.Debug|Any CPU.ActiveCfg = Debug|Any CPU
		{62EF77B4-1665-4892-88E6-987B3916B1AD}.Debug|Any CPU.Build.0 = Debug|Any CPU
		{62EF77B4-1665-4892-88E6-987B3916B1AD}.Release|Any CPU.ActiveCfg = Release|Any CPU
		{62EF77B4-1665-4892-88E6-987B3916B1AD}.Release|Any CPU.Build.0 = Release|Any CPU
	EndGlobalSection
	GlobalSection(SolutionProperties) = preSolution
		HideSolutionNode = FALSE
	EndGlobalSection
	GlobalSection(ExtensibilityGlobals) = postSolution
		SolutionGuid = {11869086-9F4F-4017-A7F3-8E22C0A719B6}
	EndGlobalSection
EndGlobal
